
Microsoft Visual Studio Solution File, Format Version 12.00
# Visual Studio 2013
VisualStudioVersion = 12.0.30501.0
MinimumVisualStudioVersion = 10.0.40219.1
Project("{FAE04EC0-301F-11D3-BF4B-00C04F79EFBC}") = "BSE.Tunes.Data", "BSE.Tunes.Data\BSE.Tunes.Data.csproj", "{ED746C94-C561-4573-A2C9-FA7A3830A995}"
EndProject
Project("{FAE04EC0-301F-11D3-BF4B-00C04F79EFBC}") = "BSE.Tunes.Entities", "BSE.Tunes.Entities\BSE.Tunes.Entities.csproj", "{D5613911-81D8-4B8F-828F-6BBD3229B71D}"
EndProject
Project("{FAE04EC0-301F-11D3-BF4B-00C04F79EFBC}") = "BSE.Tunes.StoreApp", "BSE.Tunes.StoreApp\BSE.Tunes.StoreApp.csproj", "{78F3B985-8375-4748-B288-C8EC95E13406}"
EndProject
Project("{FAE04EC0-301F-11D3-BF4B-00C04F79EFBC}") = "BSE.Tunes.WebApi", "BSE.Tunes.WebApi\BSE.Tunes.WebApi.csproj", "{2B22D3E5-6AFD-4651-8E00-98071E02B5BE}"
EndProject
Project("{FAE04EC0-301F-11D3-BF4B-00C04F79EFBC}") = "BSE.Tunes.StoreApp_8.1", "BSE.Tunes.StoreApp_8.1\BSE.Tunes.StoreApp_8.1.csproj", "{448802D9-A658-47F4-B252-DF39A742C320}"
EndProject
Project("{FAE04EC0-301F-11D3-BF4B-00C04F79EFBC}") = "BSE.Tunes.WebApi2", "BSE.Tunes.WebApi2\BSE.Tunes.WebApi2.csproj", "{1CCFA4C1-D848-4A88-94D5-96609A43DC1E}"
EndProject
Global
	GlobalSection(SolutionConfigurationPlatforms) = preSolution
		Debug|Any CPU = Debug|Any CPU
		Debug|ARM = Debug|ARM
		Debug|x64 = Debug|x64
		Debug|x86 = Debug|x86
		Release|Any CPU = Release|Any CPU
		Release|ARM = Release|ARM
		Release|x64 = Release|x64
		Release|x86 = Release|x86
	EndGlobalSection
	GlobalSection(ProjectConfigurationPlatforms) = postSolution
		{ED746C94-C561-4573-A2C9-FA7A3830A995}.Debug|Any CPU.ActiveCfg = Debug|Any CPU
		{ED746C94-C561-4573-A2C9-FA7A3830A995}.Debug|Any CPU.Build.0 = Debug|Any CPU
		{ED746C94-C561-4573-A2C9-FA7A3830A995}.Debug|ARM.ActiveCfg = Debug|Any CPU
		{ED746C94-C561-4573-A2C9-FA7A3830A995}.Debug|x64.ActiveCfg = Debug|Any CPU
		{ED746C94-C561-4573-A2C9-FA7A3830A995}.Debug|x86.ActiveCfg = Debug|Any CPU
		{ED746C94-C561-4573-A2C9-FA7A3830A995}.Release|Any CPU.ActiveCfg = Release|Any CPU
		{ED746C94-C561-4573-A2C9-FA7A3830A995}.Release|Any CPU.Build.0 = Release|Any CPU
		{ED746C94-C561-4573-A2C9-FA7A3830A995}.Release|ARM.ActiveCfg = Release|Any CPU
		{ED746C94-C561-4573-A2C9-FA7A3830A995}.Release|x64.ActiveCfg = Release|Any CPU
		{ED746C94-C561-4573-A2C9-FA7A3830A995}.Release|x86.ActiveCfg = Release|Any CPU
		{D5613911-81D8-4B8F-828F-6BBD3229B71D}.Debug|Any CPU.ActiveCfg = Debug|Any CPU
		{D5613911-81D8-4B8F-828F-6BBD3229B71D}.Debug|Any CPU.Build.0 = Debug|Any CPU
		{D5613911-81D8-4B8F-828F-6BBD3229B71D}.Debug|ARM.ActiveCfg = Debug|Any CPU
		{D5613911-81D8-4B8F-828F-6BBD3229B71D}.Debug|x64.ActiveCfg = Debug|Any CPU
		{D5613911-81D8-4B8F-828F-6BBD3229B71D}.Debug|x86.ActiveCfg = Debug|Any CPU
		{D5613911-81D8-4B8F-828F-6BBD3229B71D}.Release|Any CPU.ActiveCfg = Release|Any CPU
		{D5613911-81D8-4B8F-828F-6BBD3229B71D}.Release|Any CPU.Build.0 = Release|Any CPU
		{D5613911-81D8-4B8F-828F-6BBD3229B71D}.Release|ARM.ActiveCfg = Release|Any CPU
		{D5613911-81D8-4B8F-828F-6BBD3229B71D}.Release|x64.ActiveCfg = Release|Any CPU
		{D5613911-81D8-4B8F-828F-6BBD3229B71D}.Release|x86.ActiveCfg = Release|Any CPU
		{78F3B985-8375-4748-B288-C8EC95E13406}.Debug|Any CPU.ActiveCfg = Debug|Any CPU
		{78F3B985-8375-4748-B288-C8EC95E13406}.Debug|Any CPU.Build.0 = Debug|Any CPU
		{78F3B985-8375-4748-B288-C8EC95E13406}.Debug|Any CPU.Deploy.0 = Debug|Any CPU
		{78F3B985-8375-4748-B288-C8EC95E13406}.Debug|ARM.ActiveCfg = Debug|ARM
		{78F3B985-8375-4748-B288-C8EC95E13406}.Debug|ARM.Build.0 = Debug|ARM
		{78F3B985-8375-4748-B288-C8EC95E13406}.Debug|ARM.Deploy.0 = Debug|ARM
		{78F3B985-8375-4748-B288-C8EC95E13406}.Debug|x64.ActiveCfg = Debug|x64
		{78F3B985-8375-4748-B288-C8EC95E13406}.Debug|x64.Build.0 = Debug|x64
		{78F3B985-8375-4748-B288-C8EC95E13406}.Debug|x64.Deploy.0 = Debug|x64
		{78F3B985-8375-4748-B288-C8EC95E13406}.Debug|x86.ActiveCfg = Debug|x86
		{78F3B985-8375-4748-B288-C8EC95E13406}.Debug|x86.Build.0 = Debug|x86
		{78F3B985-8375-4748-B288-C8EC95E13406}.Debug|x86.Deploy.0 = Debug|x86
		{78F3B985-8375-4748-B288-C8EC95E13406}.Release|Any CPU.ActiveCfg = Release|Any CPU
		{78F3B985-8375-4748-B288-C8EC95E13406}.Release|Any CPU.Build.0 = Release|Any CPU
		{78F3B985-8375-4748-B288-C8EC95E13406}.Release|Any CPU.Deploy.0 = Release|Any CPU
		{78F3B985-8375-4748-B288-C8EC95E13406}.Release|ARM.ActiveCfg = Release|ARM
		{78F3B985-8375-4748-B288-C8EC95E13406}.Release|ARM.Build.0 = Release|ARM
		{78F3B985-8375-4748-B288-C8EC95E13406}.Release|ARM.Deploy.0 = Release|ARM
		{78F3B985-8375-4748-B288-C8EC95E13406}.Release|x64.ActiveCfg = Release|x64
		{78F3B985-8375-4748-B288-C8EC95E13406}.Release|x64.Build.0 = Release|x64
		{78F3B985-8375-4748-B288-C8EC95E13406}.Release|x64.Deploy.0 = Release|x64
		{78F3B985-8375-4748-B288-C8EC95E13406}.Release|x86.ActiveCfg = Release|x86
		{78F3B985-8375-4748-B288-C8EC95E13406}.Release|x86.Build.0 = Release|x86
		{78F3B985-8375-4748-B288-C8EC95E13406}.Release|x86.Deploy.0 = Release|x86
		{2B22D3E5-6AFD-4651-8E00-98071E02B5BE}.Debug|Any CPU.ActiveCfg = Debug|Any CPU
		{2B22D3E5-6AFD-4651-8E00-98071E02B5BE}.Debug|Any CPU.Build.0 = Debug|Any CPU
		{2B22D3E5-6AFD-4651-8E00-98071E02B5BE}.Debug|ARM.ActiveCfg = Debug|Any CPU
		{2B22D3E5-6AFD-4651-8E00-98071E02B5BE}.Debug|x64.ActiveCfg = Debug|Any CPU
		{2B22D3E5-6AFD-4651-8E00-98071E02B5BE}.Debug|x86.ActiveCfg = Debug|Any CPU
		{2B22D3E5-6AFD-4651-8E00-98071E02B5BE}.Release|Any CPU.ActiveCfg = Release|Any CPU
		{2B22D3E5-6AFD-4651-8E00-98071E02B5BE}.Release|Any CPU.Build.0 = Release|Any CPU
		{2B22D3E5-6AFD-4651-8E00-98071E02B5BE}.Release|ARM.ActiveCfg = Release|Any CPU
		{2B22D3E5-6AFD-4651-8E00-98071E02B5BE}.Release|x64.ActiveCfg = Release|Any CPU
		{2B22D3E5-6AFD-4651-8E00-98071E02B5BE}.Release|x86.ActiveCfg = Release|Any CPU
		{448802D9-A658-47F4-B252-DF39A742C320}.Debug|Any CPU.ActiveCfg = Debug|Any CPU
		{448802D9-A658-47F4-B252-DF39A742C320}.Debug|Any CPU.Build.0 = Debug|Any CPU
		{448802D9-A658-47F4-B252-DF39A742C320}.Debug|Any CPU.Deploy.0 = Debug|Any CPU
		{448802D9-A658-47F4-B252-DF39A742C320}.Debug|ARM.ActiveCfg = Debug|ARM
		{448802D9-A658-47F4-B252-DF39A742C320}.Debug|ARM.Build.0 = Debug|ARM
		{448802D9-A658-47F4-B252-DF39A742C320}.Debug|ARM.Deploy.0 = Debug|ARM
		{448802D9-A658-47F4-B252-DF39A742C320}.Debug|x64.ActiveCfg = Debug|x64
		{448802D9-A658-47F4-B252-DF39A742C320}.Debug|x64.Build.0 = Debug|x64
		{448802D9-A658-47F4-B252-DF39A742C320}.Debug|x64.Deploy.0 = Debug|x64
		{448802D9-A658-47F4-B252-DF39A742C320}.Debug|x86.ActiveCfg = Debug|x86
		{448802D9-A658-47F4-B252-DF39A742C320}.Debug|x86.Build.0 = Debug|x86
		{448802D9-A658-47F4-B252-DF39A742C320}.Debug|x86.Deploy.0 = Debug|x86
		{448802D9-A658-47F4-B252-DF39A742C320}.Release|Any CPU.ActiveCfg = Release|Any CPU
		{448802D9-A658-47F4-B252-DF39A742C320}.Release|Any CPU.Build.0 = Release|Any CPU
		{448802D9-A658-47F4-B252-DF39A742C320}.Release|Any CPU.Deploy.0 = Release|Any CPU
		{448802D9-A658-47F4-B252-DF39A742C320}.Release|ARM.ActiveCfg = Release|ARM
		{448802D9-A658-47F4-B252-DF39A742C320}.Release|ARM.Build.0 = Release|ARM
		{448802D9-A658-47F4-B252-DF39A742C320}.Release|ARM.Deploy.0 = Release|ARM
		{448802D9-A658-47F4-B252-DF39A742C320}.Release|x64.ActiveCfg = Release|x64
		{448802D9-A658-47F4-B252-DF39A742C320}.Release|x64.Build.0 = Release|x64
		{448802D9-A658-47F4-B252-DF39A742C320}.Release|x64.Deploy.0 = Release|x64
		{448802D9-A658-47F4-B252-DF39A742C320}.Release|x86.ActiveCfg = Release|x86
		{448802D9-A658-47F4-B252-DF39A742C320}.Release|x86.Build.0 = Release|x86
		{448802D9-A658-47F4-B252-DF39A742C320}.Release|x86.Deploy.0 = Release|x86
		{1CCFA4C1-D848-4A88-94D5-96609A43DC1E}.Debug|Any CPU.ActiveCfg = Debug|Any CPU
		{1CCFA4C1-D848-4A88-94D5-96609A43DC1E}.Debug|Any CPU.Build.0 = Debug|Any CPU
		{1CCFA4C1-D848-4A88-94D5-96609A43DC1E}.Debug|ARM.ActiveCfg = Debug|Any CPU
		{1CCFA4C1-D848-4A88-94D5-96609A43DC1E}.Debug|x64.ActiveCfg = Debug|Any CPU
		{1CCFA4C1-D848-4A88-94D5-96609A43DC1E}.Debug|x86.ActiveCfg = Debug|Any CPU
		{1CCFA4C1-D848-4A88-94D5-96609A43DC1E}.Release|Any CPU.ActiveCfg = Release|Any CPU
		{1CCFA4C1-D848-4A88-94D5-96609A43DC1E}.Release|Any CPU.Build.0 = Release|Any CPU
		{1CCFA4C1-D848-4A88-94D5-96609A43DC1E}.Release|ARM.ActiveCfg = Release|Any CPU
		{1CCFA4C1-D848-4A88-94D5-96609A43DC1E}.Release|x64.ActiveCfg = Release|Any CPU
		{1CCFA4C1-D848-4A88-94D5-96609A43DC1E}.Release|x86.ActiveCfg = Release|Any CPU
	EndGlobalSection
	GlobalSection(SolutionProperties) = preSolution
		HideSolutionNode = FALSE
	EndGlobalSection
EndGlobal
