
Microsoft Visual Studio Solution File, Format Version 12.00
# Visual Studio Version 17
VisualStudioVersion = 17.3.32825.248
MinimumVisualStudioVersion = 10.0.40219.1
Project("{9A19103F-16F7-4668-BE54-9A1E7A4F7556}") = "BSE.Tunes.Data", "BSE.Tunes.Data\BSE.Tunes.Data.csproj", "{ED746C94-C561-4573-A2C9-FA7A3830A995}"
EndProject
Project("{FAE04EC0-301F-11D3-BF4B-00C04F79EFBC}") = "BSE.Tunes.Entities", "BSE.Tunes.Entities\BSE.Tunes.Entities.csproj", "{D5613911-81D8-4B8F-828F-6BBD3229B71D}"
EndProject
Project("{FAE04EC0-301F-11D3-BF4B-00C04F79EFBC}") = "BSE.Tunes.WebApi2", "BSE.Tunes.WebApi2\BSE.Tunes.WebApi2.csproj", "{1CCFA4C1-D848-4A88-94D5-96609A43DC1E}"
EndProject
Project("{FAE04EC0-301F-11D3-BF4B-00C04F79EFBC}") = "AspNet.Identity.MySQL", "..\BSE.Web\AspNet.Identity.MySQL\AspNet.Identity.MySQL.csproj", "{D299B420-2A02-4E28-9415-EDD6A557D23E}"
EndProject
Global
	GlobalSection(SolutionConfigurationPlatforms) = preSolution
		Debug|Any CPU = Debug|Any CPU
		Debug|ARM = Debug|ARM
		Debug|x64 = Debug|x64
		Debug|x86 = Debug|x86
		Release|Any CPU = Release|Any CPU
		Release|ARM = Release|ARM
		Release|x64 = Release|x64
		Release|x86 = Release|x86
	EndGlobalSection
	GlobalSection(ProjectConfigurationPlatforms) = postSolution
		{ED746C94-C561-4573-A2C9-FA7A3830A995}.Debug|Any CPU.ActiveCfg = Debug|Any CPU
		{ED746C94-C561-4573-A2C9-FA7A3830A995}.Debug|Any CPU.Build.0 = Debug|Any CPU
		{ED746C94-C561-4573-A2C9-FA7A3830A995}.Debug|ARM.ActiveCfg = Debug|Any CPU
		{ED746C94-C561-4573-A2C9-FA7A3830A995}.Debug|x64.ActiveCfg = Debug|Any CPU
		{ED746C94-C561-4573-A2C9-FA7A3830A995}.Debug|x64.Build.0 = Debug|Any CPU
		{ED746C94-C561-4573-A2C9-FA7A3830A995}.Debug|x86.ActiveCfg = Debug|Any CPU
		{ED746C94-C561-4573-A2C9-FA7A3830A995}.Release|Any CPU.ActiveCfg = Release|Any CPU
		{ED746C94-C561-4573-A2C9-FA7A3830A995}.Release|Any CPU.Build.0 = Release|Any CPU
		{ED746C94-C561-4573-A2C9-FA7A3830A995}.Release|ARM.ActiveCfg = Release|Any CPU
		{ED746C94-C561-4573-A2C9-FA7A3830A995}.Release|x64.ActiveCfg = Release|Any CPU
		{ED746C94-C561-4573-A2C9-FA7A3830A995}.Release|x86.ActiveCfg = Release|Any CPU
		{D5613911-81D8-4B8F-828F-6BBD3229B71D}.Debug|Any CPU.ActiveCfg = Debug|Any CPU
		{D5613911-81D8-4B8F-828F-6BBD3229B71D}.Debug|Any CPU.Build.0 = Debug|Any CPU
		{D5613911-81D8-4B8F-828F-6BBD3229B71D}.Debug|ARM.ActiveCfg = Debug|Any CPU
		{D5613911-81D8-4B8F-828F-6BBD3229B71D}.Debug|x64.ActiveCfg = Debug|Any CPU
		{D5613911-81D8-4B8F-828F-6BBD3229B71D}.Debug|x64.Build.0 = Debug|Any CPU
		{D5613911-81D8-4B8F-828F-6BBD3229B71D}.Debug|x86.ActiveCfg = Debug|Any CPU
		{D5613911-81D8-4B8F-828F-6BBD3229B71D}.Release|Any CPU.ActiveCfg = Release|Any CPU
		{D5613911-81D8-4B8F-828F-6BBD3229B71D}.Release|Any CPU.Build.0 = Release|Any CPU
		{D5613911-81D8-4B8F-828F-6BBD3229B71D}.Release|ARM.ActiveCfg = Release|Any CPU
		{D5613911-81D8-4B8F-828F-6BBD3229B71D}.Release|x64.ActiveCfg = Release|Any CPU
		{D5613911-81D8-4B8F-828F-6BBD3229B71D}.Release|x86.ActiveCfg = Release|Any CPU
		{1CCFA4C1-D848-4A88-94D5-96609A43DC1E}.Debug|Any CPU.ActiveCfg = Debug|Any CPU
		{1CCFA4C1-D848-4A88-94D5-96609A43DC1E}.Debug|Any CPU.Build.0 = Debug|Any CPU
		{1CCFA4C1-D848-4A88-94D5-96609A43DC1E}.Debug|ARM.ActiveCfg = Debug|Any CPU
		{1CCFA4C1-D848-4A88-94D5-96609A43DC1E}.Debug|x64.ActiveCfg = Debug|Any CPU
		{1CCFA4C1-D848-4A88-94D5-96609A43DC1E}.Debug|x64.Build.0 = Debug|Any CPU
		{1CCFA4C1-D848-4A88-94D5-96609A43DC1E}.Debug|x86.ActiveCfg = Debug|Any CPU
		{1CCFA4C1-D848-4A88-94D5-96609A43DC1E}.Release|Any CPU.ActiveCfg = Release|Any CPU
		{1CCFA4C1-D848-4A88-94D5-96609A43DC1E}.Release|Any CPU.Build.0 = Release|Any CPU
		{1CCFA4C1-D848-4A88-94D5-96609A43DC1E}.Release|ARM.ActiveCfg = Release|Any CPU
		{1CCFA4C1-D848-4A88-94D5-96609A43DC1E}.Release|x64.ActiveCfg = Release|Any CPU
		{1CCFA4C1-D848-4A88-94D5-96609A43DC1E}.Release|x86.ActiveCfg = Release|Any CPU
		{D299B420-2A02-4E28-9415-EDD6A557D23E}.Debug|Any CPU.ActiveCfg = Debug|Any CPU
		{D299B420-2A02-4E28-9415-EDD6A557D23E}.Debug|Any CPU.Build.0 = Debug|Any CPU
		{D299B420-2A02-4E28-9415-EDD6A557D23E}.Debug|ARM.ActiveCfg = Debug|Any CPU
		{D299B420-2A02-4E28-9415-EDD6A557D23E}.Debug|ARM.Build.0 = Debug|Any CPU
		{D299B420-2A02-4E28-9415-EDD6A557D23E}.Debug|x64.ActiveCfg = Debug|Any CPU
		{D299B420-2A02-4E28-9415-EDD6A557D23E}.Debug|x64.Build.0 = Debug|Any CPU
		{D299B420-2A02-4E28-9415-EDD6A557D23E}.Debug|x86.ActiveCfg = Debug|Any CPU
		{D299B420-2A02-4E28-9415-EDD6A557D23E}.Debug|x86.Build.0 = Debug|Any CPU
		{D299B420-2A02-4E28-9415-EDD6A557D23E}.Release|Any CPU.ActiveCfg = Release|Any CPU
		{D299B420-2A02-4E28-9415-EDD6A557D23E}.Release|Any CPU.Build.0 = Release|Any CPU
		{D299B420-2A02-4E28-9415-EDD6A557D23E}.Release|ARM.ActiveCfg = Release|Any CPU
		{D299B420-2A02-4E28-9415-EDD6A557D23E}.Release|ARM.Build.0 = Release|Any CPU
		{D299B420-2A02-4E28-9415-EDD6A557D23E}.Release|x64.ActiveCfg = Release|Any CPU
		{D299B420-2A02-4E28-9415-EDD6A557D23E}.Release|x64.Build.0 = Release|Any CPU
		{D299B420-2A02-4E28-9415-EDD6A557D23E}.Release|x86.ActiveCfg = Release|Any CPU
		{D299B420-2A02-4E28-9415-EDD6A557D23E}.Release|x86.Build.0 = Release|Any CPU
	EndGlobalSection
	GlobalSection(SolutionProperties) = preSolution
		HideSolutionNode = FALSE
	EndGlobalSection
	GlobalSection(ExtensibilityGlobals) = postSolution
		SolutionGuid = {CFABEF7C-0CB1-40DC-B0A5-610364F742EE}
	EndGlobalSection
EndGlobal
